
Microsoft Visual Studio Solution File, Format Version 12.00
# Visual Studio Version 17
VisualStudioVersion = 17.9.34728.123
MinimumVisualStudioVersion = 10.0.40219.1
Project("{FAE04EC0-301F-11D3-BF4B-00C04F79EFBC}") = "ForegroundTEST2", "ForegroundTEST2\ForegroundTEST2.csproj", "{D6E57210-9E7C-49B5-9E94-44D926C05E72}"
EndProject
Global
	GlobalSection(SolutionConfigurationPlatforms) = preSolution
		Debug|Any CPU = Debug|Any CPU
		Release|Any CPU = Release|Any CPU
	EndGlobalSection
	GlobalSection(ProjectConfigurationPlatforms) = postSolution
		{D6E57210-9E7C-49B5-9E94-44D926C05E72}.Debug|Any CPU.ActiveCfg = Debug|Any CPU
		{D6E57210-9E7C-49B5-9E94-44D926C05E72}.Debug|Any CPU.Build.0 = Debug|Any CPU
		{D6E57210-9E7C-49B5-9E94-44D926C05E72}.Debug|Any CPU.Deploy.0 = Debug|Any CPU
		{D6E57210-9E7C-49B5-9E94-44D926C05E72}.Release|Any CPU.ActiveCfg = Release|Any CPU
		{D6E57210-9E7C-49B5-9E94-44D926C05E72}.Release|Any CPU.Build.0 = Release|Any CPU
		{D6E57210-9E7C-49B5-9E94-44D926C05E72}.Release|Any CPU.Deploy.0 = Release|Any CPU
	EndGlobalSection
	GlobalSection(SolutionProperties) = preSolution
		HideSolutionNode = FALSE
	EndGlobalSection
	GlobalSection(ExtensibilityGlobals) = postSolution
		SolutionGuid = {B77CD57E-9DC9-40FA-BB29-A46AD582BB73}
	EndGlobalSection
EndGlobal
